
Microsoft Visual Studio Solution File, Format Version 12.00
# Visual Studio 2012
Project("{FAE04EC0-301F-11D3-BF4B-00C04F79EFBC}") = "Rob", "Rob\Rob.csproj", "{97D772DC-ECB5-4438-B975-FEA35C615F47}"
EndProject
Project("{FAE04EC0-301F-11D3-BF4B-00C04F79EFBC}") = "Rob.Tests", "Rob.Tests\Rob.Tests.csproj", "{1A35EB62-25A6-4610-A866-D0156B9FACAA}"
EndProject
Global
	GlobalSection(SolutionConfigurationPlatforms) = preSolution
		Debug|Any CPU = Debug|Any CPU
		Release|Any CPU = Release|Any CPU
	EndGlobalSection
	GlobalSection(ProjectConfigurationPlatforms) = postSolution
		{97D772DC-ECB5-4438-B975-FEA35C615F47}.Debug|Any CPU.ActiveCfg = Debug|Any CPU
		{97D772DC-ECB5-4438-B975-FEA35C615F47}.Debug|Any CPU.Build.0 = Debug|Any CPU
		{97D772DC-ECB5-4438-B975-FEA35C615F47}.Release|Any CPU.ActiveCfg = Release|Any CPU
		{97D772DC-ECB5-4438-B975-FEA35C615F47}.Release|Any CPU.Build.0 = Release|Any CPU
		{1A35EB62-25A6-4610-A866-D0156B9FACAA}.Debug|Any CPU.ActiveCfg = Debug|Any CPU
		{1A35EB62-25A6-4610-A866-D0156B9FACAA}.Debug|Any CPU.Build.0 = Debug|Any CPU
		{1A35EB62-25A6-4610-A866-D0156B9FACAA}.Release|Any CPU.ActiveCfg = Release|Any CPU
		{1A35EB62-25A6-4610-A866-D0156B9FACAA}.Release|Any CPU.Build.0 = Release|Any CPU
	EndGlobalSection
	GlobalSection(SolutionProperties) = preSolution
		HideSolutionNode = FALSE
	EndGlobalSection
EndGlobal
